
Microsoft Visual Studio Solution File, Format Version 12.00
# Visual Studio Version 16
VisualStudioVersion = 16.0.33927.289
MinimumVisualStudioVersion = 10.0.40219.1
Project("{2150E333-8FDC-42A3-9474-1A3956D46DE8}") = "01-DelegateCommand1", "01-DelegateCommand1", "{1452E98F-C1FB-4511-9A41-6CEAE67F5203}"
EndProject
Project("{2150E333-8FDC-42A3-9474-1A3956D46DE8}") = "MD_File", "MD_File", "{58091B55-F371-4887-A156-62E3A00ABDA2}"
	ProjectSection(SolutionItems) = preProject
		Readme.md = Readme.md
	EndProjectSection
EndProject
Project("{2150E333-8FDC-42A3-9474-1A3956D46DE8}") = "02-CompositeCommand1", "02-CompositeCommand1", "{90A0731B-A2DC-4E4D-B786-E9DBB83325EE}"
EndProject
Project("{9A19103F-16F7-4668-BE54-9A1E7A4F7556}") = "CompostieCommandLearn1", "02-CompositeCommand\CompostieCommandLearn1\CompostieCommandLearn1\CompostieCommandLearn1.csproj", "{84E72054-5DDC-4CD9-97DC-AB41AB21890D}"
EndProject
Project("{2150E333-8FDC-42A3-9474-1A3956D46DE8}") = "03-RegionNavigator1", "03-RegionNavigator1", "{67A3FD63-FC64-4B0D-A84D-7F515E4E771A}"
EndProject
Project("{9A19103F-16F7-4668-BE54-9A1E7A4F7556}") = "RegionNavigator1", "03-RegionNavigator\RegionNavigator1\RegionNavigator1\RegionNavigator1.csproj", "{746C8E57-5EBF-4FE2-9CB9-CFF13DBD6EAC}"
EndProject
Project("{2150E333-8FDC-42A3-9474-1A3956D46DE8}") = "04-InitialModule1", "04-InitialModule1", "{C8DF879E-AB70-46A3-AABA-F44739D8A7A9}"
EndProject
Project("{9A19103F-16F7-4668-BE54-9A1E7A4F7556}") = "ModuleA", "04-ModuleSetup\InitialModule1\ModuleA\ModuleA.csproj", "{8D80A2C2-1E56-4A21-9CEF-E7CA67C2D7F1}"
EndProject
Project("{9A19103F-16F7-4668-BE54-9A1E7A4F7556}") = "InitialModule1", "04-ModuleSetup\InitialModule1\InitialModule1\InitialModule1.csproj", "{388527AC-1533-4938-A877-67467B772448}"
EndProject
Project("{2150E333-8FDC-42A3-9474-1A3956D46DE8}") = "05-PropertyChangeCallback", "05-PropertyChangeCallback", "{5AD21646-B6C4-4023-9586-B07D2CFD2255}"
EndProject
Project("{9A19103F-16F7-4668-BE54-9A1E7A4F7556}") = "PropertyChangeCallback", "05-PropertyChangeCallback\PropertyChangeCallback\PropertyChangeCallback\PropertyChangeCallback.csproj", "{006F6582-6ED1-4B0C-852C-0EFBFFB44DF6}"
EndProject
Project("{2150E333-8FDC-42A3-9474-1A3956D46DE8}") = "06-CustomRegionAdapt", "06-CustomRegionAdapt", "{745BEFEE-6052-4FBB-BF89-46FEE511184A}"
EndProject
Project("{9A19103F-16F7-4668-BE54-9A1E7A4F7556}") = "CustomRegionAdapt1", "06-CustomRegionAdapt\CustomRegionAdapt1\CustomRegionAdapt1\CustomRegionAdapt1.csproj", "{11BA721E-3021-4320-A2DA-1EA35AA3FAB1}"
EndProject
Project("{9A19103F-16F7-4668-BE54-9A1E7A4F7556}") = "PrismCommandLearning", "01-DelegateCommand\PrismCommandLearning\PrismCommandLearning\PrismCommandLearning.csproj", "{1BB35685-2FB6-4797-A0A3-69112EF15918}"
EndProject
Project("{2150E333-8FDC-42A3-9474-1A3956D46DE8}") = "07-EventAggregator", "07-EventAggregator", "{E8FC84E7-24B7-408C-B7F2-94EA3F7E3E9B}"
EndProject
Project("{9A19103F-16F7-4668-BE54-9A1E7A4F7556}") = "EventAggregator1", "07-EventAggregator\EventAggregator1\EventAggregator1\EventAggregator1.csproj", "{CE840295-EF1C-4298-AE1E-CC26C52EE690}"
EndProject
Project("{9A19103F-16F7-4668-BE54-9A1E7A4F7556}") = "ModuleA", "07-EventAggregator\EventAggregator1\ModuleA\ModuleA.csproj", "{EF0CF7D9-5D27-4D0F-93EE-2A2F15B106A5}"
EndProject
Project("{9A19103F-16F7-4668-BE54-9A1E7A4F7556}") = "EventAggregator.Core", "07-EventAggregator\EventAggregator1\EventAggregator.Core\EventAggregator.Core.csproj", "{A0DA26C9-F47C-4E89-B056-3444AED0C754}"
EndProject
Project("{9A19103F-16F7-4668-BE54-9A1E7A4F7556}") = "ModuleB", "07-EventAggregator\EventAggregator1\ModuleB\ModuleB.csproj", "{1BA50748-BC92-4E20-8B45-5DD482ADEB56}"
EndProject
Project("{2150E333-8FDC-42A3-9474-1A3956D46DE8}") = "08-DialogService", "08-DialogService", "{2CB95749-DC85-4AB0-86BA-A4CEAD6782A8}"
EndProject
Project("{9A19103F-16F7-4668-BE54-9A1E7A4F7556}") = "Dialog1", "08-DialogService\Dialog1\Dialog1\Dialog1.csproj", "{EF5A68E1-DF57-4C13-BCE0-3CED4DC97C3D}"
EndProject
Project("{9A19103F-16F7-4668-BE54-9A1E7A4F7556}") = "Dialog1.Core", "08-DialogService\Dialog1\Dialog1.Core\Dialog1.Core.csproj", "{EEA82F81-2E5A-409E-B482-9F63B3F9886F}"
EndProject
Global
	GlobalSection(SolutionConfigurationPlatforms) = preSolution
		Debug|Any CPU = Debug|Any CPU
		Release|Any CPU = Release|Any CPU
	EndGlobalSection
	GlobalSection(ProjectConfigurationPlatforms) = postSolution
		{84E72054-5DDC-4CD9-97DC-AB41AB21890D}.Debug|Any CPU.ActiveCfg = Debug|Any CPU
		{84E72054-5DDC-4CD9-97DC-AB41AB21890D}.Debug|Any CPU.Build.0 = Debug|Any CPU
		{84E72054-5DDC-4CD9-97DC-AB41AB21890D}.Release|Any CPU.ActiveCfg = Release|Any CPU
		{84E72054-5DDC-4CD9-97DC-AB41AB21890D}.Release|Any CPU.Build.0 = Release|Any CPU
		{746C8E57-5EBF-4FE2-9CB9-CFF13DBD6EAC}.Debug|Any CPU.ActiveCfg = Debug|Any CPU
		{746C8E57-5EBF-4FE2-9CB9-CFF13DBD6EAC}.Debug|Any CPU.Build.0 = Debug|Any CPU
		{746C8E57-5EBF-4FE2-9CB9-CFF13DBD6EAC}.Release|Any CPU.ActiveCfg = Release|Any CPU
		{746C8E57-5EBF-4FE2-9CB9-CFF13DBD6EAC}.Release|Any CPU.Build.0 = Release|Any CPU
		{8D80A2C2-1E56-4A21-9CEF-E7CA67C2D7F1}.Debug|Any CPU.ActiveCfg = Debug|Any CPU
		{8D80A2C2-1E56-4A21-9CEF-E7CA67C2D7F1}.Debug|Any CPU.Build.0 = Debug|Any CPU
		{8D80A2C2-1E56-4A21-9CEF-E7CA67C2D7F1}.Release|Any CPU.ActiveCfg = Release|Any CPU
		{8D80A2C2-1E56-4A21-9CEF-E7CA67C2D7F1}.Release|Any CPU.Build.0 = Release|Any CPU
		{388527AC-1533-4938-A877-67467B772448}.Debug|Any CPU.ActiveCfg = Debug|Any CPU
		{388527AC-1533-4938-A877-67467B772448}.Debug|Any CPU.Build.0 = Debug|Any CPU
		{388527AC-1533-4938-A877-67467B772448}.Release|Any CPU.ActiveCfg = Release|Any CPU
		{388527AC-1533-4938-A877-67467B772448}.Release|Any CPU.Build.0 = Release|Any CPU
		{006F6582-6ED1-4B0C-852C-0EFBFFB44DF6}.Debug|Any CPU.ActiveCfg = Debug|Any CPU
		{006F6582-6ED1-4B0C-852C-0EFBFFB44DF6}.Debug|Any CPU.Build.0 = Debug|Any CPU
		{006F6582-6ED1-4B0C-852C-0EFBFFB44DF6}.Release|Any CPU.ActiveCfg = Release|Any CPU
		{006F6582-6ED1-4B0C-852C-0EFBFFB44DF6}.Release|Any CPU.Build.0 = Release|Any CPU
		{11BA721E-3021-4320-A2DA-1EA35AA3FAB1}.Debug|Any CPU.ActiveCfg = Debug|Any CPU
		{11BA721E-3021-4320-A2DA-1EA35AA3FAB1}.Debug|Any CPU.Build.0 = Debug|Any CPU
		{11BA721E-3021-4320-A2DA-1EA35AA3FAB1}.Release|Any CPU.ActiveCfg = Release|Any CPU
		{11BA721E-3021-4320-A2DA-1EA35AA3FAB1}.Release|Any CPU.Build.0 = Release|Any CPU
		{1BB35685-2FB6-4797-A0A3-69112EF15918}.Debug|Any CPU.ActiveCfg = Debug|Any CPU
		{1BB35685-2FB6-4797-A0A3-69112EF15918}.Debug|Any CPU.Build.0 = Debug|Any CPU
		{1BB35685-2FB6-4797-A0A3-69112EF15918}.Release|Any CPU.ActiveCfg = Release|Any CPU
		{1BB35685-2FB6-4797-A0A3-69112EF15918}.Release|Any CPU.Build.0 = Release|Any CPU
		{CE840295-EF1C-4298-AE1E-CC26C52EE690}.Debug|Any CPU.ActiveCfg = Debug|Any CPU
		{CE840295-EF1C-4298-AE1E-CC26C52EE690}.Debug|Any CPU.Build.0 = Debug|Any CPU
		{CE840295-EF1C-4298-AE1E-CC26C52EE690}.Release|Any CPU.ActiveCfg = Release|Any CPU
		{CE840295-EF1C-4298-AE1E-CC26C52EE690}.Release|Any CPU.Build.0 = Release|Any CPU
		{EF0CF7D9-5D27-4D0F-93EE-2A2F15B106A5}.Debug|Any CPU.ActiveCfg = Debug|Any CPU
		{EF0CF7D9-5D27-4D0F-93EE-2A2F15B106A5}.Debug|Any CPU.Build.0 = Debug|Any CPU
		{EF0CF7D9-5D27-4D0F-93EE-2A2F15B106A5}.Release|Any CPU.ActiveCfg = Release|Any CPU
		{EF0CF7D9-5D27-4D0F-93EE-2A2F15B106A5}.Release|Any CPU.Build.0 = Release|Any CPU
		{A0DA26C9-F47C-4E89-B056-3444AED0C754}.Debug|Any CPU.ActiveCfg = Debug|Any CPU
		{A0DA26C9-F47C-4E89-B056-3444AED0C754}.Debug|Any CPU.Build.0 = Debug|Any CPU
		{A0DA26C9-F47C-4E89-B056-3444AED0C754}.Release|Any CPU.ActiveCfg = Release|Any CPU
		{A0DA26C9-F47C-4E89-B056-3444AED0C754}.Release|Any CPU.Build.0 = Release|Any CPU
		{1BA50748-BC92-4E20-8B45-5DD482ADEB56}.Debug|Any CPU.ActiveCfg = Debug|Any CPU
		{1BA50748-BC92-4E20-8B45-5DD482ADEB56}.Debug|Any CPU.Build.0 = Debug|Any CPU
		{1BA50748-BC92-4E20-8B45-5DD482ADEB56}.Release|Any CPU.ActiveCfg = Release|Any CPU
		{1BA50748-BC92-4E20-8B45-5DD482ADEB56}.Release|Any CPU.Build.0 = Release|Any CPU
		{EF5A68E1-DF57-4C13-BCE0-3CED4DC97C3D}.Debug|Any CPU.ActiveCfg = Debug|Any CPU
		{EF5A68E1-DF57-4C13-BCE0-3CED4DC97C3D}.Debug|Any CPU.Build.0 = Debug|Any CPU
		{EF5A68E1-DF57-4C13-BCE0-3CED4DC97C3D}.Release|Any CPU.ActiveCfg = Release|Any CPU
		{EF5A68E1-DF57-4C13-BCE0-3CED4DC97C3D}.Release|Any CPU.Build.0 = Release|Any CPU
		{EEA82F81-2E5A-409E-B482-9F63B3F9886F}.Debug|Any CPU.ActiveCfg = Debug|Any CPU
		{EEA82F81-2E5A-409E-B482-9F63B3F9886F}.Debug|Any CPU.Build.0 = Debug|Any CPU
		{EEA82F81-2E5A-409E-B482-9F63B3F9886F}.Release|Any CPU.ActiveCfg = Release|Any CPU
		{EEA82F81-2E5A-409E-B482-9F63B3F9886F}.Release|Any CPU.Build.0 = Release|Any CPU
	EndGlobalSection
	GlobalSection(SolutionProperties) = preSolution
		HideSolutionNode = FALSE
	EndGlobalSection
	GlobalSection(NestedProjects) = preSolution
		{84E72054-5DDC-4CD9-97DC-AB41AB21890D} = {90A0731B-A2DC-4E4D-B786-E9DBB83325EE}
		{746C8E57-5EBF-4FE2-9CB9-CFF13DBD6EAC} = {67A3FD63-FC64-4B0D-A84D-7F515E4E771A}
		{8D80A2C2-1E56-4A21-9CEF-E7CA67C2D7F1} = {C8DF879E-AB70-46A3-AABA-F44739D8A7A9}
		{388527AC-1533-4938-A877-67467B772448} = {C8DF879E-AB70-46A3-AABA-F44739D8A7A9}
		{006F6582-6ED1-4B0C-852C-0EFBFFB44DF6} = {5AD21646-B6C4-4023-9586-B07D2CFD2255}
		{11BA721E-3021-4320-A2DA-1EA35AA3FAB1} = {745BEFEE-6052-4FBB-BF89-46FEE511184A}
		{1BB35685-2FB6-4797-A0A3-69112EF15918} = {1452E98F-C1FB-4511-9A41-6CEAE67F5203}
		{CE840295-EF1C-4298-AE1E-CC26C52EE690} = {E8FC84E7-24B7-408C-B7F2-94EA3F7E3E9B}
		{EF0CF7D9-5D27-4D0F-93EE-2A2F15B106A5} = {E8FC84E7-24B7-408C-B7F2-94EA3F7E3E9B}
		{A0DA26C9-F47C-4E89-B056-3444AED0C754} = {E8FC84E7-24B7-408C-B7F2-94EA3F7E3E9B}
		{1BA50748-BC92-4E20-8B45-5DD482ADEB56} = {E8FC84E7-24B7-408C-B7F2-94EA3F7E3E9B}
		{EF5A68E1-DF57-4C13-BCE0-3CED4DC97C3D} = {2CB95749-DC85-4AB0-86BA-A4CEAD6782A8}
		{EEA82F81-2E5A-409E-B482-9F63B3F9886F} = {2CB95749-DC85-4AB0-86BA-A4CEAD6782A8}
	EndGlobalSection
	GlobalSection(ExtensibilityGlobals) = postSolution
		SolutionGuid = {DACB6293-FFD3-4CE0-9202-58BF9E6255A8}
	EndGlobalSection
EndGlobal
