
Microsoft Visual Studio Solution File, Format Version 12.00
# Visual Studio Version 16
VisualStudioVersion = 16.0.33927.289
MinimumVisualStudioVersion = 10.0.40219.1
Project("{FAE04EC0-301F-11D3-BF4B-00C04F79EFBC}") = "InitialModule1", "InitialModule1\InitialModule1.csproj", "{D2BA5A6C-FEEB-4FA8-92D5-C9D3B7819C75}"
EndProject
Project("{FAE04EC0-301F-11D3-BF4B-00C04F79EFBC}") = "ModuleA", "ModuleA\ModuleA.csproj", "{654765CA-B0C1-48D1-B866-E7C78205E56A}"
EndProject
Global
	GlobalSection(SolutionConfigurationPlatforms) = preSolution
		Debug|Any CPU = Debug|Any CPU
		Release|Any CPU = Release|Any CPU
	EndGlobalSection
	GlobalSection(ProjectConfigurationPlatforms) = postSolution
		{D2BA5A6C-FEEB-4FA8-92D5-C9D3B7819C75}.Debug|Any CPU.ActiveCfg = Debug|Any CPU
		{D2BA5A6C-FEEB-4FA8-92D5-C9D3B7819C75}.Debug|Any CPU.Build.0 = Debug|Any CPU
		{D2BA5A6C-FEEB-4FA8-92D5-C9D3B7819C75}.Release|Any CPU.ActiveCfg = Release|Any CPU
		{D2BA5A6C-FEEB-4FA8-92D5-C9D3B7819C75}.Release|Any CPU.Build.0 = Release|Any CPU
		{654765CA-B0C1-48D1-B866-E7C78205E56A}.Debug|Any CPU.ActiveCfg = Debug|Any CPU
		{654765CA-B0C1-48D1-B866-E7C78205E56A}.Debug|Any CPU.Build.0 = Debug|Any CPU
		{654765CA-B0C1-48D1-B866-E7C78205E56A}.Release|Any CPU.ActiveCfg = Release|Any CPU
		{654765CA-B0C1-48D1-B866-E7C78205E56A}.Release|Any CPU.Build.0 = Release|Any CPU
	EndGlobalSection
	GlobalSection(SolutionProperties) = preSolution
		HideSolutionNode = FALSE
	EndGlobalSection
	GlobalSection(ExtensibilityGlobals) = postSolution
		SolutionGuid = {1A6D6D68-6CD5-497F-8F7F-94B8F7888ED6}
	EndGlobalSection
EndGlobal
